
Microsoft Visual Studio Solution File, Format Version 12.00
# Visual Studio Version 16
VisualStudioVersion = 16.0.29009.5
MinimumVisualStudioVersion = 10.0.40219.1
Project("{8BC9CEB8-8B4A-11D0-8D11-00A0C91BC942}") = "TicTacToe_AI", "TicTacToe_AI\TicTacToe_AI.vcxproj", "{DA1D9C11-C5BE-4023-A5F3-D6CB3515FA22}"
EndProject
Global
	GlobalSection(SolutionConfigurationPlatforms) = preSolution
		Debug|x64 = Debug|x64
		Debug|x86 = Debug|x86
		Release|x64 = Release|x64
		Release|x86 = Release|x86
	EndGlobalSection
	GlobalSection(ProjectConfigurationPlatforms) = postSolution
		{DA1D9C11-C5BE-4023-A5F3-D6CB3515FA22}.Debug|x64.ActiveCfg = Debug|x64
		{DA1D9C11-C5BE-4023-A5F3-D6CB3515FA22}.Debug|x64.Build.0 = Debug|x64
		{DA1D9C11-C5BE-4023-A5F3-D6CB3515FA22}.Debug|x86.ActiveCfg = Debug|Win32
		{DA1D9C11-C5BE-4023-A5F3-D6CB3515FA22}.Debug|x86.Build.0 = Debug|Win32
		{DA1D9C11-C5BE-4023-A5F3-D6CB3515FA22}.Release|x64.ActiveCfg = Release|x64
		{DA1D9C11-C5BE-4023-A5F3-D6CB3515FA22}.Release|x64.Build.0 = Release|x64
		{DA1D9C11-C5BE-4023-A5F3-D6CB3515FA22}.Release|x86.ActiveCfg = Release|Win32
		{DA1D9C11-C5BE-4023-A5F3-D6CB3515FA22}.Release|x86.Build.0 = Release|Win32
	EndGlobalSection
	GlobalSection(SolutionProperties) = preSolution
		HideSolutionNode = FALSE
	EndGlobalSection
	GlobalSection(ExtensibilityGlobals) = postSolution
		SolutionGuid = {8690EB18-7E57-4038-83BB-C86A759B1416}
	EndGlobalSection
EndGlobal
